
Microsoft Visual Studio Solution File, Format Version 12.00
# Visual Studio Version 17
VisualStudioVersion = 17.0.31903.59
MinimumVisualStudioVersion = 10.0.40219.1
Project("{FAE04EC0-301F-11D3-BF4B-00C04F79EFBC}") = "OrdersMicroservice.API", "OrdersMicroservice.API\OrdersMicroservice.API.csproj", "{F4C8B07C-1158-48D0-8908-F4D2C709E84A}"
EndProject
Project("{FAE04EC0-301F-11D3-BF4B-00C04F79EFBC}") = "BusinessLogicLayer", "BusinessLogicLayer\BusinessLogicLayer.csproj", "{7C5DE2D7-6397-47DF-B738-07CEE58339C5}"
EndProject
Project("{FAE04EC0-301F-11D3-BF4B-00C04F79EFBC}") = "DataAccessLayer", "DataAccessLayer\DataAccessLayer.csproj", "{B22DFF8C-0B12-454B-A1DF-1082D0215BC1}"
EndProject
Global
	GlobalSection(SolutionConfigurationPlatforms) = preSolution
		Debug|Any CPU = Debug|Any CPU
		Release|Any CPU = Release|Any CPU
	EndGlobalSection
	GlobalSection(SolutionProperties) = preSolution
		HideSolutionNode = FALSE
	EndGlobalSection
	GlobalSection(ProjectConfigurationPlatforms) = postSolution
		{F4C8B07C-1158-48D0-8908-F4D2C709E84A}.Debug|Any CPU.ActiveCfg = Debug|Any CPU
		{F4C8B07C-1158-48D0-8908-F4D2C709E84A}.Debug|Any CPU.Build.0 = Debug|Any CPU
		{F4C8B07C-1158-48D0-8908-F4D2C709E84A}.Release|Any CPU.ActiveCfg = Release|Any CPU
		{F4C8B07C-1158-48D0-8908-F4D2C709E84A}.Release|Any CPU.Build.0 = Release|Any CPU
		{7C5DE2D7-6397-47DF-B738-07CEE58339C5}.Debug|Any CPU.ActiveCfg = Debug|Any CPU
		{7C5DE2D7-6397-47DF-B738-07CEE58339C5}.Debug|Any CPU.Build.0 = Debug|Any CPU
		{7C5DE2D7-6397-47DF-B738-07CEE58339C5}.Release|Any CPU.ActiveCfg = Release|Any CPU
		{7C5DE2D7-6397-47DF-B738-07CEE58339C5}.Release|Any CPU.Build.0 = Release|Any CPU
		{B22DFF8C-0B12-454B-A1DF-1082D0215BC1}.Debug|Any CPU.ActiveCfg = Debug|Any CPU
		{B22DFF8C-0B12-454B-A1DF-1082D0215BC1}.Debug|Any CPU.Build.0 = Debug|Any CPU
		{B22DFF8C-0B12-454B-A1DF-1082D0215BC1}.Release|Any CPU.ActiveCfg = Release|Any CPU
		{B22DFF8C-0B12-454B-A1DF-1082D0215BC1}.Release|Any CPU.Build.0 = Release|Any CPU
	EndGlobalSection
EndGlobal
